
Microsoft Visual Studio Solution File, Format Version 11.00
# Visual Studio 2010
Project("{FAE04EC0-301F-11D3-BF4B-00C04F79EFBC}") = "Periodicity Detection (Complexity Improvement)", "Periodicity Detection (Complexity Improvement)\Periodicity Detection (Complexity Improvement).csproj", "{4F49D3AB-F3B9-472B-96C0-68221A4EEE47}"
EndProject
Global
	GlobalSection(SolutionConfigurationPlatforms) = preSolution
		Debug|Any CPU = Debug|Any CPU
		Release|Any CPU = Release|Any CPU
	EndGlobalSection
	GlobalSection(ProjectConfigurationPlatforms) = postSolution
		{4F49D3AB-F3B9-472B-96C0-68221A4EEE47}.Debug|Any CPU.ActiveCfg = Debug|Any CPU
		{4F49D3AB-F3B9-472B-96C0-68221A4EEE47}.Debug|Any CPU.Build.0 = Debug|Any CPU
		{4F49D3AB-F3B9-472B-96C0-68221A4EEE47}.Release|Any CPU.ActiveCfg = Release|Any CPU
		{4F49D3AB-F3B9-472B-96C0-68221A4EEE47}.Release|Any CPU.Build.0 = Release|Any CPU
	EndGlobalSection
	GlobalSection(SolutionProperties) = preSolution
		HideSolutionNode = FALSE
	EndGlobalSection
EndGlobal
